
Microsoft Visual Studio Solution File, Format Version 12.00
# Visual Studio Version 17
VisualStudioVersion = 17.8.34330.188
MinimumVisualStudioVersion = 10.0.40219.1
Project("{8BC9CEB8-8B4A-11D0-8D11-00A0C91BC942}") = "demo_04", "demo_04.vcxproj", "{BB4D2060-C1F6-421B-9F8A-A2676401C5E5}"
EndProject
Global
	GlobalSection(SolutionConfigurationPlatforms) = preSolution
		Debug|x64 = Debug|x64
		Debug|x86 = Debug|x86
		Release|x64 = Release|x64
		Release|x86 = Release|x86
	EndGlobalSection
	GlobalSection(ProjectConfigurationPlatforms) = postSolution
		{BB4D2060-C1F6-421B-9F8A-A2676401C5E5}.Debug|x64.ActiveCfg = Debug|x64
		{BB4D2060-C1F6-421B-9F8A-A2676401C5E5}.Debug|x64.Build.0 = Debug|x64
		{BB4D2060-C1F6-421B-9F8A-A2676401C5E5}.Debug|x86.ActiveCfg = Debug|Win32
		{BB4D2060-C1F6-421B-9F8A-A2676401C5E5}.Debug|x86.Build.0 = Debug|Win32
		{BB4D2060-C1F6-421B-9F8A-A2676401C5E5}.Release|x64.ActiveCfg = Release|x64
		{BB4D2060-C1F6-421B-9F8A-A2676401C5E5}.Release|x64.Build.0 = Release|x64
		{BB4D2060-C1F6-421B-9F8A-A2676401C5E5}.Release|x86.ActiveCfg = Release|Win32
		{BB4D2060-C1F6-421B-9F8A-A2676401C5E5}.Release|x86.Build.0 = Release|Win32
	EndGlobalSection
	GlobalSection(SolutionProperties) = preSolution
		HideSolutionNode = FALSE
	EndGlobalSection
	GlobalSection(ExtensibilityGlobals) = postSolution
		SolutionGuid = {B0ECB9B9-620A-45D4-B4D2-269F459070AD}
	EndGlobalSection
EndGlobal
