
Microsoft Visual Studio Solution File, Format Version 12.00
# Visual Studio Version 17
VisualStudioVersion = 17.8.34330.188
MinimumVisualStudioVersion = 10.0.40219.1
Project("{8BC9CEB8-8B4A-11D0-8D11-00A0C91BC942}") = "demo_1_Branch and loop statements", "demo_1_Branch and loop statements.vcxproj", "{CA8D84C3-CAF6-40E4-89E5-2047D926E3F4}"
EndProject
Global
	GlobalSection(SolutionConfigurationPlatforms) = preSolution
		Debug|x64 = Debug|x64
		Debug|x86 = Debug|x86
		Release|x64 = Release|x64
		Release|x86 = Release|x86
	EndGlobalSection
	GlobalSection(ProjectConfigurationPlatforms) = postSolution
		{CA8D84C3-CAF6-40E4-89E5-2047D926E3F4}.Debug|x64.ActiveCfg = Debug|x64
		{CA8D84C3-CAF6-40E4-89E5-2047D926E3F4}.Debug|x64.Build.0 = Debug|x64
		{CA8D84C3-CAF6-40E4-89E5-2047D926E3F4}.Debug|x86.ActiveCfg = Debug|Win32
		{CA8D84C3-CAF6-40E4-89E5-2047D926E3F4}.Debug|x86.Build.0 = Debug|Win32
		{CA8D84C3-CAF6-40E4-89E5-2047D926E3F4}.Release|x64.ActiveCfg = Release|x64
		{CA8D84C3-CAF6-40E4-89E5-2047D926E3F4}.Release|x64.Build.0 = Release|x64
		{CA8D84C3-CAF6-40E4-89E5-2047D926E3F4}.Release|x86.ActiveCfg = Release|Win32
		{CA8D84C3-CAF6-40E4-89E5-2047D926E3F4}.Release|x86.Build.0 = Release|Win32
	EndGlobalSection
	GlobalSection(SolutionProperties) = preSolution
		HideSolutionNode = FALSE
	EndGlobalSection
	GlobalSection(ExtensibilityGlobals) = postSolution
		SolutionGuid = {79E419E1-7A29-45E0-9855-2795A6F034FB}
	EndGlobalSection
EndGlobal
