
Microsoft Visual Studio Solution File, Format Version 12.00
# Visual Studio Version 17
VisualStudioVersion = 17.8.34330.188
MinimumVisualStudioVersion = 10.0.40219.1
Project("{8BC9CEB8-8B4A-11D0-8D11-00A0C91BC942}") = "test_8", "test_8.vcxproj", "{AE7AB639-FAE7-4390-9545-930B16C1B4C8}"
EndProject
Global
	GlobalSection(SolutionConfigurationPlatforms) = preSolution
		Debug|x64 = Debug|x64
		Debug|x86 = Debug|x86
		Release|x64 = Release|x64
		Release|x86 = Release|x86
	EndGlobalSection
	GlobalSection(ProjectConfigurationPlatforms) = postSolution
		{AE7AB639-FAE7-4390-9545-930B16C1B4C8}.Debug|x64.ActiveCfg = Debug|x64
		{AE7AB639-FAE7-4390-9545-930B16C1B4C8}.Debug|x64.Build.0 = Debug|x64
		{AE7AB639-FAE7-4390-9545-930B16C1B4C8}.Debug|x86.ActiveCfg = Debug|Win32
		{AE7AB639-FAE7-4390-9545-930B16C1B4C8}.Debug|x86.Build.0 = Debug|Win32
		{AE7AB639-FAE7-4390-9545-930B16C1B4C8}.Release|x64.ActiveCfg = Release|x64
		{AE7AB639-FAE7-4390-9545-930B16C1B4C8}.Release|x64.Build.0 = Release|x64
		{AE7AB639-FAE7-4390-9545-930B16C1B4C8}.Release|x86.ActiveCfg = Release|Win32
		{AE7AB639-FAE7-4390-9545-930B16C1B4C8}.Release|x86.Build.0 = Release|Win32
	EndGlobalSection
	GlobalSection(SolutionProperties) = preSolution
		HideSolutionNode = FALSE
	EndGlobalSection
	GlobalSection(ExtensibilityGlobals) = postSolution
		SolutionGuid = {35E2B537-3792-498B-A53C-531C5CED54BD}
	EndGlobalSection
EndGlobal
