
Microsoft Visual Studio Solution File, Format Version 12.00
# Visual Studio Version 17
VisualStudioVersion = 17.8.34330.188
MinimumVisualStudioVersion = 10.0.40219.1
Project("{8BC9CEB8-8B4A-11D0-8D11-00A0C91BC942}") = "test_5", "test_5.vcxproj", "{64DE79CE-A3C2-4D1D-91C8-946F1B5071BD}"
EndProject
Global
	GlobalSection(SolutionConfigurationPlatforms) = preSolution
		Debug|x64 = Debug|x64
		Debug|x86 = Debug|x86
		Release|x64 = Release|x64
		Release|x86 = Release|x86
	EndGlobalSection
	GlobalSection(ProjectConfigurationPlatforms) = postSolution
		{64DE79CE-A3C2-4D1D-91C8-946F1B5071BD}.Debug|x64.ActiveCfg = Debug|x64
		{64DE79CE-A3C2-4D1D-91C8-946F1B5071BD}.Debug|x64.Build.0 = Debug|x64
		{64DE79CE-A3C2-4D1D-91C8-946F1B5071BD}.Debug|x86.ActiveCfg = Debug|Win32
		{64DE79CE-A3C2-4D1D-91C8-946F1B5071BD}.Debug|x86.Build.0 = Debug|Win32
		{64DE79CE-A3C2-4D1D-91C8-946F1B5071BD}.Release|x64.ActiveCfg = Release|x64
		{64DE79CE-A3C2-4D1D-91C8-946F1B5071BD}.Release|x64.Build.0 = Release|x64
		{64DE79CE-A3C2-4D1D-91C8-946F1B5071BD}.Release|x86.ActiveCfg = Release|Win32
		{64DE79CE-A3C2-4D1D-91C8-946F1B5071BD}.Release|x86.Build.0 = Release|Win32
	EndGlobalSection
	GlobalSection(SolutionProperties) = preSolution
		HideSolutionNode = FALSE
	EndGlobalSection
	GlobalSection(ExtensibilityGlobals) = postSolution
		SolutionGuid = {0AE0C66B-71D7-4CBA-B5FF-650DD891AD94}
	EndGlobalSection
EndGlobal
