
Microsoft Visual Studio Solution File, Format Version 12.00
# Visual Studio Version 17
VisualStudioVersion = 17.7.34221.43
MinimumVisualStudioVersion = 10.0.40219.1
Project("{8BC9CEB8-8B4A-11D0-8D11-00A0C91BC942}") = "Project5", "Project5.vcxproj", "{40B11F19-7073-4698-A27A-809FEC940AD3}"
EndProject
Global
	GlobalSection(SolutionConfigurationPlatforms) = preSolution
		Debug|x64 = Debug|x64
		Debug|x86 = Debug|x86
		Release|x64 = Release|x64
		Release|x86 = Release|x86
	EndGlobalSection
	GlobalSection(ProjectConfigurationPlatforms) = postSolution
		{40B11F19-7073-4698-A27A-809FEC940AD3}.Debug|x64.ActiveCfg = Debug|x64
		{40B11F19-7073-4698-A27A-809FEC940AD3}.Debug|x64.Build.0 = Debug|x64
		{40B11F19-7073-4698-A27A-809FEC940AD3}.Debug|x86.ActiveCfg = Debug|Win32
		{40B11F19-7073-4698-A27A-809FEC940AD3}.Debug|x86.Build.0 = Debug|Win32
		{40B11F19-7073-4698-A27A-809FEC940AD3}.Release|x64.ActiveCfg = Release|x64
		{40B11F19-7073-4698-A27A-809FEC940AD3}.Release|x64.Build.0 = Release|x64
		{40B11F19-7073-4698-A27A-809FEC940AD3}.Release|x86.ActiveCfg = Release|Win32
		{40B11F19-7073-4698-A27A-809FEC940AD3}.Release|x86.Build.0 = Release|Win32
	EndGlobalSection
	GlobalSection(SolutionProperties) = preSolution
		HideSolutionNode = FALSE
	EndGlobalSection
	GlobalSection(ExtensibilityGlobals) = postSolution
		SolutionGuid = {28B9E79E-0C9B-43B3-86A0-4EE1AECB8ADC}
	EndGlobalSection
EndGlobal
