
Microsoft Visual Studio Solution File, Format Version 12.00
# Visual Studio Version 17
VisualStudioVersion = 17.8.34330.188
MinimumVisualStudioVersion = 10.0.40219.1
Project("{8BC9CEB8-8B4A-11D0-8D11-00A0C91BC942}") = "Project1", "Project1.vcxproj", "{2733618E-A2D2-4F39-81B0-B268EA05018D}"
EndProject
Global
	GlobalSection(SolutionConfigurationPlatforms) = preSolution
		Debug|x64 = Debug|x64
		Debug|x86 = Debug|x86
		Release|x64 = Release|x64
		Release|x86 = Release|x86
	EndGlobalSection
	GlobalSection(ProjectConfigurationPlatforms) = postSolution
		{2733618E-A2D2-4F39-81B0-B268EA05018D}.Debug|x64.ActiveCfg = Debug|x64
		{2733618E-A2D2-4F39-81B0-B268EA05018D}.Debug|x64.Build.0 = Debug|x64
		{2733618E-A2D2-4F39-81B0-B268EA05018D}.Debug|x86.ActiveCfg = Debug|Win32
		{2733618E-A2D2-4F39-81B0-B268EA05018D}.Debug|x86.Build.0 = Debug|Win32
		{2733618E-A2D2-4F39-81B0-B268EA05018D}.Release|x64.ActiveCfg = Release|x64
		{2733618E-A2D2-4F39-81B0-B268EA05018D}.Release|x64.Build.0 = Release|x64
		{2733618E-A2D2-4F39-81B0-B268EA05018D}.Release|x86.ActiveCfg = Release|Win32
		{2733618E-A2D2-4F39-81B0-B268EA05018D}.Release|x86.Build.0 = Release|Win32
	EndGlobalSection
	GlobalSection(SolutionProperties) = preSolution
		HideSolutionNode = FALSE
	EndGlobalSection
	GlobalSection(ExtensibilityGlobals) = postSolution
		SolutionGuid = {A79F7263-C915-4EFF-B1D9-74C4CC97841B}
	EndGlobalSection
EndGlobal
