
Microsoft Visual Studio Solution File, Format Version 12.00
# Visual Studio Version 17
VisualStudioVersion = 17.8.34330.188
MinimumVisualStudioVersion = 10.0.40219.1
Project("{8BC9CEB8-8B4A-11D0-8D11-00A0C91BC942}") = "Project1", "Project1.vcxproj", "{E7F1682A-B41A-480F-9EF3-67D615FDF50D}"
EndProject
Global
	GlobalSection(SolutionConfigurationPlatforms) = preSolution
		Debug|x64 = Debug|x64
		Debug|x86 = Debug|x86
		Release|x64 = Release|x64
		Release|x86 = Release|x86
	EndGlobalSection
	GlobalSection(ProjectConfigurationPlatforms) = postSolution
		{E7F1682A-B41A-480F-9EF3-67D615FDF50D}.Debug|x64.ActiveCfg = Debug|x64
		{E7F1682A-B41A-480F-9EF3-67D615FDF50D}.Debug|x64.Build.0 = Debug|x64
		{E7F1682A-B41A-480F-9EF3-67D615FDF50D}.Debug|x86.ActiveCfg = Debug|Win32
		{E7F1682A-B41A-480F-9EF3-67D615FDF50D}.Debug|x86.Build.0 = Debug|Win32
		{E7F1682A-B41A-480F-9EF3-67D615FDF50D}.Release|x64.ActiveCfg = Release|x64
		{E7F1682A-B41A-480F-9EF3-67D615FDF50D}.Release|x64.Build.0 = Release|x64
		{E7F1682A-B41A-480F-9EF3-67D615FDF50D}.Release|x86.ActiveCfg = Release|Win32
		{E7F1682A-B41A-480F-9EF3-67D615FDF50D}.Release|x86.Build.0 = Release|Win32
	EndGlobalSection
	GlobalSection(SolutionProperties) = preSolution
		HideSolutionNode = FALSE
	EndGlobalSection
	GlobalSection(ExtensibilityGlobals) = postSolution
		SolutionGuid = {B906F86F-BF53-4A98-8DB0-C44F99F9B7EF}
	EndGlobalSection
EndGlobal
