
Microsoft Visual Studio Solution File, Format Version 12.00
# Visual Studio Version 17
VisualStudioVersion = 17.8.34330.188
MinimumVisualStudioVersion = 10.0.40219.1
Project("{8BC9CEB8-8B4A-11D0-8D11-00A0C91BC942}") = "demo_1", "demo_1.vcxproj", "{8FD697D2-FC36-4EEE-B38F-13825D5DCB85}"
EndProject
Global
	GlobalSection(SolutionConfigurationPlatforms) = preSolution
		Debug|x64 = Debug|x64
		Debug|x86 = Debug|x86
		Release|x64 = Release|x64
		Release|x86 = Release|x86
	EndGlobalSection
	GlobalSection(ProjectConfigurationPlatforms) = postSolution
		{8FD697D2-FC36-4EEE-B38F-13825D5DCB85}.Debug|x64.ActiveCfg = Debug|x64
		{8FD697D2-FC36-4EEE-B38F-13825D5DCB85}.Debug|x64.Build.0 = Debug|x64
		{8FD697D2-FC36-4EEE-B38F-13825D5DCB85}.Debug|x86.ActiveCfg = Debug|Win32
		{8FD697D2-FC36-4EEE-B38F-13825D5DCB85}.Debug|x86.Build.0 = Debug|Win32
		{8FD697D2-FC36-4EEE-B38F-13825D5DCB85}.Release|x64.ActiveCfg = Release|x64
		{8FD697D2-FC36-4EEE-B38F-13825D5DCB85}.Release|x64.Build.0 = Release|x64
		{8FD697D2-FC36-4EEE-B38F-13825D5DCB85}.Release|x86.ActiveCfg = Release|Win32
		{8FD697D2-FC36-4EEE-B38F-13825D5DCB85}.Release|x86.Build.0 = Release|Win32
	EndGlobalSection
	GlobalSection(SolutionProperties) = preSolution
		HideSolutionNode = FALSE
	EndGlobalSection
	GlobalSection(ExtensibilityGlobals) = postSolution
		SolutionGuid = {3C29D373-ADFE-43AA-B6E0-14EF1D7AEE75}
	EndGlobalSection
EndGlobal
