
Microsoft Visual Studio Solution File, Format Version 12.00
# Visual Studio Version 17
VisualStudioVersion = 17.7.34221.43
MinimumVisualStudioVersion = 10.0.40219.1
Project("{8BC9CEB8-8B4A-11D0-8D11-00A0C91BC942}") = "Project2", "Project2.vcxproj", "{1F2A7EFB-B0A5-4F85-A3FA-90E76F7F16A3}"
EndProject
Global
	GlobalSection(SolutionConfigurationPlatforms) = preSolution
		Debug|x64 = Debug|x64
		Debug|x86 = Debug|x86
		Release|x64 = Release|x64
		Release|x86 = Release|x86
	EndGlobalSection
	GlobalSection(ProjectConfigurationPlatforms) = postSolution
		{1F2A7EFB-B0A5-4F85-A3FA-90E76F7F16A3}.Debug|x64.ActiveCfg = Debug|x64
		{1F2A7EFB-B0A5-4F85-A3FA-90E76F7F16A3}.Debug|x64.Build.0 = Debug|x64
		{1F2A7EFB-B0A5-4F85-A3FA-90E76F7F16A3}.Debug|x86.ActiveCfg = Debug|Win32
		{1F2A7EFB-B0A5-4F85-A3FA-90E76F7F16A3}.Debug|x86.Build.0 = Debug|Win32
		{1F2A7EFB-B0A5-4F85-A3FA-90E76F7F16A3}.Release|x64.ActiveCfg = Release|x64
		{1F2A7EFB-B0A5-4F85-A3FA-90E76F7F16A3}.Release|x64.Build.0 = Release|x64
		{1F2A7EFB-B0A5-4F85-A3FA-90E76F7F16A3}.Release|x86.ActiveCfg = Release|Win32
		{1F2A7EFB-B0A5-4F85-A3FA-90E76F7F16A3}.Release|x86.Build.0 = Release|Win32
	EndGlobalSection
	GlobalSection(SolutionProperties) = preSolution
		HideSolutionNode = FALSE
	EndGlobalSection
	GlobalSection(ExtensibilityGlobals) = postSolution
		SolutionGuid = {6713E4C3-E3A7-47CB-86CC-C357FC73D5A5}
	EndGlobalSection
EndGlobal
